
Microsoft Visual Studio Solution File, Format Version 12.00
# Visual Studio Version 17
VisualStudioVersion = 17.0.31903.59
MinimumVisualStudioVersion = 10.0.40219.1
Project("{2150E333-8FDC-42A3-9474-1A3956D46DE8}") = "src", "src", "{827E0CD3-B72D-47B6-A68D-7590B98EB39B}"
EndProject
Project("{FAE04EC0-301F-11D3-BF4B-00C04F79EFBC}") = "Friggy.Domain", "src\Friggy.Domain\Friggy.Domain.csproj", "{E34322D7-1F5E-43E2-976C-451E448C40D9}"
EndProject
Project("{FAE04EC0-301F-11D3-BF4B-00C04F79EFBC}") = "Friggy.Application", "src\Friggy.Application\Friggy.Application.csproj", "{7F644750-C24D-4124-A51B-55453CDC9CDA}"
EndProject
Project("{FAE04EC0-301F-11D3-BF4B-00C04F79EFBC}") = "Friggy.Infrastructure", "src\Friggy.Infrastructure\Friggy.Infrastructure.csproj", "{A7DA6339-9377-429D-97DD-4ABCF1B718C8}"
EndProject
Project("{FAE04EC0-301F-11D3-BF4B-00C04F79EFBC}") = "Friggy.Api", "src\Friggy.Api\Friggy.Api.csproj", "{6E3233F2-9FE7-4CBC-8D28-1456A05F5289}"
EndProject
Project("{FAE04EC0-301F-11D3-BF4B-00C04F79EFBC}") = "Friggy.Web", "src\Friggy.Web\Friggy.Web.csproj", "{C7E1FCEE-B9B0-4FD3-82DA-8D2FC9E4D6A5}"
EndProject
Project("{2150E333-8FDC-42A3-9474-1A3956D46DE8}") = "tests", "tests", "{0AB3BF05-4346-4AA6-1389-037BE0695223}"
EndProject
Project("{FAE04EC0-301F-11D3-BF4B-00C04F79EFBC}") = "Friggy.Domain.Tests", "tests\Friggy.Domain.Tests\Friggy.Domain.Tests.csproj", "{838EE960-8F76-4634-9DF5-23C7239F0940}"
EndProject
Project("{FAE04EC0-301F-11D3-BF4B-00C04F79EFBC}") = "Friggy.Application.Tests", "tests\Friggy.Application.Tests\Friggy.Application.Tests.csproj", "{7CB6B9FB-0D85-4D3B-AC1E-A5BEF044CF31}"
EndProject
Project("{FAE04EC0-301F-11D3-BF4B-00C04F79EFBC}") = "Friggy.IntegrationTests", "tests\Friggy.IntegrationTests\Friggy.IntegrationTests.csproj", "{BD9448D1-AAE9-4EF5-993C-0600005AA03B}"
EndProject
Project("{FAE04EC0-301F-11D3-BF4B-00C04F79EFBC}") = "Friggy.ComponentTests", "tests\Friggy.ComponentTests\Friggy.ComponentTests.csproj", "{E81B63E7-6962-4D93-984B-FA0A1964FC49}"
EndProject
Project("{FAE04EC0-301F-11D3-BF4B-00C04F79EFBC}") = "Friggy.EndToEndTests", "tests\Friggy.EndToEndTests\Friggy.EndToEndTests.csproj", "{67DEF1A6-23D1-4574-B1DE-6DDFE5C74A53}"
EndProject
Global
	GlobalSection(SolutionConfigurationPlatforms) = preSolution
		Debug|Any CPU = Debug|Any CPU
		Debug|x64 = Debug|x64
		Debug|x86 = Debug|x86
		Release|Any CPU = Release|Any CPU
		Release|x64 = Release|x64
		Release|x86 = Release|x86
	EndGlobalSection
	GlobalSection(ProjectConfigurationPlatforms) = postSolution
		{E34322D7-1F5E-43E2-976C-451E448C40D9}.Debug|Any CPU.ActiveCfg = Debug|Any CPU
		{E34322D7-1F5E-43E2-976C-451E448C40D9}.Debug|Any CPU.Build.0 = Debug|Any CPU
		{E34322D7-1F5E-43E2-976C-451E448C40D9}.Debug|x64.ActiveCfg = Debug|Any CPU
		{E34322D7-1F5E-43E2-976C-451E448C40D9}.Debug|x64.Build.0 = Debug|Any CPU
		{E34322D7-1F5E-43E2-976C-451E448C40D9}.Debug|x86.ActiveCfg = Debug|Any CPU
		{E34322D7-1F5E-43E2-976C-451E448C40D9}.Debug|x86.Build.0 = Debug|Any CPU
		{E34322D7-1F5E-43E2-976C-451E448C40D9}.Release|Any CPU.ActiveCfg = Release|Any CPU
		{E34322D7-1F5E-43E2-976C-451E448C40D9}.Release|Any CPU.Build.0 = Release|Any CPU
		{E34322D7-1F5E-43E2-976C-451E448C40D9}.Release|x64.ActiveCfg = Release|Any CPU
		{E34322D7-1F5E-43E2-976C-451E448C40D9}.Release|x64.Build.0 = Release|Any CPU
		{E34322D7-1F5E-43E2-976C-451E448C40D9}.Release|x86.ActiveCfg = Release|Any CPU
		{E34322D7-1F5E-43E2-976C-451E448C40D9}.Release|x86.Build.0 = Release|Any CPU
		{7F644750-C24D-4124-A51B-55453CDC9CDA}.Debug|Any CPU.ActiveCfg = Debug|Any CPU
		{7F644750-C24D-4124-A51B-55453CDC9CDA}.Debug|Any CPU.Build.0 = Debug|Any CPU
		{7F644750-C24D-4124-A51B-55453CDC9CDA}.Debug|x64.ActiveCfg = Debug|Any CPU
		{7F644750-C24D-4124-A51B-55453CDC9CDA}.Debug|x64.Build.0 = Debug|Any CPU
		{7F644750-C24D-4124-A51B-55453CDC9CDA}.Debug|x86.ActiveCfg = Debug|Any CPU
		{7F644750-C24D-4124-A51B-55453CDC9CDA}.Debug|x86.Build.0 = Debug|Any CPU
		{7F644750-C24D-4124-A51B-55453CDC9CDA}.Release|Any CPU.ActiveCfg = Release|Any CPU
		{7F644750-C24D-4124-A51B-55453CDC9CDA}.Release|Any CPU.Build.0 = Release|Any CPU
		{7F644750-C24D-4124-A51B-55453CDC9CDA}.Release|x64.ActiveCfg = Release|Any CPU
		{7F644750-C24D-4124-A51B-55453CDC9CDA}.Release|x64.Build.0 = Release|Any CPU
		{7F644750-C24D-4124-A51B-55453CDC9CDA}.Release|x86.ActiveCfg = Release|Any CPU
		{7F644750-C24D-4124-A51B-55453CDC9CDA}.Release|x86.Build.0 = Release|Any CPU
		{A7DA6339-9377-429D-97DD-4ABCF1B718C8}.Debug|Any CPU.ActiveCfg = Debug|Any CPU
		{A7DA6339-9377-429D-97DD-4ABCF1B718C8}.Debug|Any CPU.Build.0 = Debug|Any CPU
		{A7DA6339-9377-429D-97DD-4ABCF1B718C8}.Debug|x64.ActiveCfg = Debug|Any CPU
		{A7DA6339-9377-429D-97DD-4ABCF1B718C8}.Debug|x64.Build.0 = Debug|Any CPU
		{A7DA6339-9377-429D-97DD-4ABCF1B718C8}.Debug|x86.ActiveCfg = Debug|Any CPU
		{A7DA6339-9377-429D-97DD-4ABCF1B718C8}.Debug|x86.Build.0 = Debug|Any CPU
		{A7DA6339-9377-429D-97DD-4ABCF1B718C8}.Release|Any CPU.ActiveCfg = Release|Any CPU
		{A7DA6339-9377-429D-97DD-4ABCF1B718C8}.Release|Any CPU.Build.0 = Release|Any CPU
		{A7DA6339-9377-429D-97DD-4ABCF1B718C8}.Release|x64.ActiveCfg = Release|Any CPU
		{A7DA6339-9377-429D-97DD-4ABCF1B718C8}.Release|x64.Build.0 = Release|Any CPU
		{A7DA6339-9377-429D-97DD-4ABCF1B718C8}.Release|x86.ActiveCfg = Release|Any CPU
		{A7DA6339-9377-429D-97DD-4ABCF1B718C8}.Release|x86.Build.0 = Release|Any CPU
		{6E3233F2-9FE7-4CBC-8D28-1456A05F5289}.Debug|Any CPU.ActiveCfg = Debug|Any CPU
		{6E3233F2-9FE7-4CBC-8D28-1456A05F5289}.Debug|Any CPU.Build.0 = Debug|Any CPU
		{6E3233F2-9FE7-4CBC-8D28-1456A05F5289}.Debug|x64.ActiveCfg = Debug|Any CPU
		{6E3233F2-9FE7-4CBC-8D28-1456A05F5289}.Debug|x64.Build.0 = Debug|Any CPU
		{6E3233F2-9FE7-4CBC-8D28-1456A05F5289}.Debug|x86.ActiveCfg = Debug|Any CPU
		{6E3233F2-9FE7-4CBC-8D28-1456A05F5289}.Debug|x86.Build.0 = Debug|Any CPU
		{6E3233F2-9FE7-4CBC-8D28-1456A05F5289}.Release|Any CPU.ActiveCfg = Release|Any CPU
		{6E3233F2-9FE7-4CBC-8D28-1456A05F5289}.Release|Any CPU.Build.0 = Release|Any CPU
		{6E3233F2-9FE7-4CBC-8D28-1456A05F5289}.Release|x64.ActiveCfg = Release|Any CPU
		{6E3233F2-9FE7-4CBC-8D28-1456A05F5289}.Release|x64.Build.0 = Release|Any CPU
		{6E3233F2-9FE7-4CBC-8D28-1456A05F5289}.Release|x86.ActiveCfg = Release|Any CPU
		{6E3233F2-9FE7-4CBC-8D28-1456A05F5289}.Release|x86.Build.0 = Release|Any CPU
		{C7E1FCEE-B9B0-4FD3-82DA-8D2FC9E4D6A5}.Debug|Any CPU.ActiveCfg = Debug|Any CPU
		{C7E1FCEE-B9B0-4FD3-82DA-8D2FC9E4D6A5}.Debug|Any CPU.Build.0 = Debug|Any CPU
		{C7E1FCEE-B9B0-4FD3-82DA-8D2FC9E4D6A5}.Debug|x64.ActiveCfg = Debug|Any CPU
		{C7E1FCEE-B9B0-4FD3-82DA-8D2FC9E4D6A5}.Debug|x64.Build.0 = Debug|Any CPU
		{C7E1FCEE-B9B0-4FD3-82DA-8D2FC9E4D6A5}.Debug|x86.ActiveCfg = Debug|Any CPU
		{C7E1FCEE-B9B0-4FD3-82DA-8D2FC9E4D6A5}.Debug|x86.Build.0 = Debug|Any CPU
		{C7E1FCEE-B9B0-4FD3-82DA-8D2FC9E4D6A5}.Release|Any CPU.ActiveCfg = Release|Any CPU
		{C7E1FCEE-B9B0-4FD3-82DA-8D2FC9E4D6A5}.Release|Any CPU.Build.0 = Release|Any CPU
		{C7E1FCEE-B9B0-4FD3-82DA-8D2FC9E4D6A5}.Release|x64.ActiveCfg = Release|Any CPU
		{C7E1FCEE-B9B0-4FD3-82DA-8D2FC9E4D6A5}.Release|x64.Build.0 = Release|Any CPU
		{C7E1FCEE-B9B0-4FD3-82DA-8D2FC9E4D6A5}.Release|x86.ActiveCfg = Release|Any CPU
		{C7E1FCEE-B9B0-4FD3-82DA-8D2FC9E4D6A5}.Release|x86.Build.0 = Release|Any CPU
		{838EE960-8F76-4634-9DF5-23C7239F0940}.Debug|Any CPU.ActiveCfg = Debug|Any CPU
		{838EE960-8F76-4634-9DF5-23C7239F0940}.Debug|Any CPU.Build.0 = Debug|Any CPU
		{838EE960-8F76-4634-9DF5-23C7239F0940}.Debug|x64.ActiveCfg = Debug|Any CPU
		{838EE960-8F76-4634-9DF5-23C7239F0940}.Debug|x64.Build.0 = Debug|Any CPU
		{838EE960-8F76-4634-9DF5-23C7239F0940}.Debug|x86.ActiveCfg = Debug|Any CPU
		{838EE960-8F76-4634-9DF5-23C7239F0940}.Debug|x86.Build.0 = Debug|Any CPU
		{838EE960-8F76-4634-9DF5-23C7239F0940}.Release|Any CPU.ActiveCfg = Release|Any CPU
		{838EE960-8F76-4634-9DF5-23C7239F0940}.Release|Any CPU.Build.0 = Release|Any CPU
		{838EE960-8F76-4634-9DF5-23C7239F0940}.Release|x64.ActiveCfg = Release|Any CPU
		{838EE960-8F76-4634-9DF5-23C7239F0940}.Release|x64.Build.0 = Release|Any CPU
		{838EE960-8F76-4634-9DF5-23C7239F0940}.Release|x86.ActiveCfg = Release|Any CPU
		{838EE960-8F76-4634-9DF5-23C7239F0940}.Release|x86.Build.0 = Release|Any CPU
		{7CB6B9FB-0D85-4D3B-AC1E-A5BEF044CF31}.Debug|Any CPU.ActiveCfg = Debug|Any CPU
		{7CB6B9FB-0D85-4D3B-AC1E-A5BEF044CF31}.Debug|Any CPU.Build.0 = Debug|Any CPU
		{7CB6B9FB-0D85-4D3B-AC1E-A5BEF044CF31}.Debug|x64.ActiveCfg = Debug|Any CPU
		{7CB6B9FB-0D85-4D3B-AC1E-A5BEF044CF31}.Debug|x64.Build.0 = Debug|Any CPU
		{7CB6B9FB-0D85-4D3B-AC1E-A5BEF044CF31}.Debug|x86.ActiveCfg = Debug|Any CPU
		{7CB6B9FB-0D85-4D3B-AC1E-A5BEF044CF31}.Debug|x86.Build.0 = Debug|Any CPU
		{7CB6B9FB-0D85-4D3B-AC1E-A5BEF044CF31}.Release|Any CPU.ActiveCfg = Release|Any CPU
		{7CB6B9FB-0D85-4D3B-AC1E-A5BEF044CF31}.Release|Any CPU.Build.0 = Release|Any CPU
		{7CB6B9FB-0D85-4D3B-AC1E-A5BEF044CF31}.Release|x64.ActiveCfg = Release|Any CPU
		{7CB6B9FB-0D85-4D3B-AC1E-A5BEF044CF31}.Release|x64.Build.0 = Release|Any CPU
		{7CB6B9FB-0D85-4D3B-AC1E-A5BEF044CF31}.Release|x86.ActiveCfg = Release|Any CPU
		{7CB6B9FB-0D85-4D3B-AC1E-A5BEF044CF31}.Release|x86.Build.0 = Release|Any CPU
		{BD9448D1-AAE9-4EF5-993C-0600005AA03B}.Debug|Any CPU.ActiveCfg = Debug|Any CPU
		{BD9448D1-AAE9-4EF5-993C-0600005AA03B}.Debug|Any CPU.Build.0 = Debug|Any CPU
		{BD9448D1-AAE9-4EF5-993C-0600005AA03B}.Debug|x64.ActiveCfg = Debug|Any CPU
		{BD9448D1-AAE9-4EF5-993C-0600005AA03B}.Debug|x64.Build.0 = Debug|Any CPU
		{BD9448D1-AAE9-4EF5-993C-0600005AA03B}.Debug|x86.ActiveCfg = Debug|Any CPU
		{BD9448D1-AAE9-4EF5-993C-0600005AA03B}.Debug|x86.Build.0 = Debug|Any CPU
		{BD9448D1-AAE9-4EF5-993C-0600005AA03B}.Release|Any CPU.ActiveCfg = Release|Any CPU
		{BD9448D1-AAE9-4EF5-993C-0600005AA03B}.Release|Any CPU.Build.0 = Release|Any CPU
		{BD9448D1-AAE9-4EF5-993C-0600005AA03B}.Release|x64.ActiveCfg = Release|Any CPU
		{BD9448D1-AAE9-4EF5-993C-0600005AA03B}.Release|x64.Build.0 = Release|Any CPU
		{BD9448D1-AAE9-4EF5-993C-0600005AA03B}.Release|x86.ActiveCfg = Release|Any CPU
		{BD9448D1-AAE9-4EF5-993C-0600005AA03B}.Release|x86.Build.0 = Release|Any CPU
		{E81B63E7-6962-4D93-984B-FA0A1964FC49}.Debug|Any CPU.ActiveCfg = Debug|Any CPU
		{E81B63E7-6962-4D93-984B-FA0A1964FC49}.Debug|Any CPU.Build.0 = Debug|Any CPU
		{E81B63E7-6962-4D93-984B-FA0A1964FC49}.Debug|x64.ActiveCfg = Debug|Any CPU
		{E81B63E7-6962-4D93-984B-FA0A1964FC49}.Debug|x64.Build.0 = Debug|Any CPU
		{E81B63E7-6962-4D93-984B-FA0A1964FC49}.Debug|x86.ActiveCfg = Debug|Any CPU
		{E81B63E7-6962-4D93-984B-FA0A1964FC49}.Debug|x86.Build.0 = Debug|Any CPU
		{E81B63E7-6962-4D93-984B-FA0A1964FC49}.Release|Any CPU.ActiveCfg = Release|Any CPU
		{E81B63E7-6962-4D93-984B-FA0A1964FC49}.Release|Any CPU.Build.0 = Release|Any CPU
		{E81B63E7-6962-4D93-984B-FA0A1964FC49}.Release|x64.ActiveCfg = Release|Any CPU
		{E81B63E7-6962-4D93-984B-FA0A1964FC49}.Release|x64.Build.0 = Release|Any CPU
		{E81B63E7-6962-4D93-984B-FA0A1964FC49}.Release|x86.ActiveCfg = Release|Any CPU
		{E81B63E7-6962-4D93-984B-FA0A1964FC49}.Release|x86.Build.0 = Release|Any CPU
		{67DEF1A6-23D1-4574-B1DE-6DDFE5C74A53}.Debug|Any CPU.ActiveCfg = Debug|Any CPU
		{67DEF1A6-23D1-4574-B1DE-6DDFE5C74A53}.Debug|Any CPU.Build.0 = Debug|Any CPU
		{67DEF1A6-23D1-4574-B1DE-6DDFE5C74A53}.Debug|x64.ActiveCfg = Debug|Any CPU
		{67DEF1A6-23D1-4574-B1DE-6DDFE5C74A53}.Debug|x64.Build.0 = Debug|Any CPU
		{67DEF1A6-23D1-4574-B1DE-6DDFE5C74A53}.Debug|x86.ActiveCfg = Debug|Any CPU
		{67DEF1A6-23D1-4574-B1DE-6DDFE5C74A53}.Debug|x86.Build.0 = Debug|Any CPU
		{67DEF1A6-23D1-4574-B1DE-6DDFE5C74A53}.Release|Any CPU.ActiveCfg = Release|Any CPU
		{67DEF1A6-23D1-4574-B1DE-6DDFE5C74A53}.Release|Any CPU.Build.0 = Release|Any CPU
		{67DEF1A6-23D1-4574-B1DE-6DDFE5C74A53}.Release|x64.ActiveCfg = Release|Any CPU
		{67DEF1A6-23D1-4574-B1DE-6DDFE5C74A53}.Release|x64.Build.0 = Release|Any CPU
		{67DEF1A6-23D1-4574-B1DE-6DDFE5C74A53}.Release|x86.ActiveCfg = Release|Any CPU
		{67DEF1A6-23D1-4574-B1DE-6DDFE5C74A53}.Release|x86.Build.0 = Release|Any CPU
	EndGlobalSection
	GlobalSection(SolutionProperties) = preSolution
		HideSolutionNode = FALSE
	EndGlobalSection
	GlobalSection(NestedProjects) = preSolution
		{E34322D7-1F5E-43E2-976C-451E448C40D9} = {827E0CD3-B72D-47B6-A68D-7590B98EB39B}
		{7F644750-C24D-4124-A51B-55453CDC9CDA} = {827E0CD3-B72D-47B6-A68D-7590B98EB39B}
		{A7DA6339-9377-429D-97DD-4ABCF1B718C8} = {827E0CD3-B72D-47B6-A68D-7590B98EB39B}
		{6E3233F2-9FE7-4CBC-8D28-1456A05F5289} = {827E0CD3-B72D-47B6-A68D-7590B98EB39B}
		{C7E1FCEE-B9B0-4FD3-82DA-8D2FC9E4D6A5} = {827E0CD3-B72D-47B6-A68D-7590B98EB39B}
		{838EE960-8F76-4634-9DF5-23C7239F0940} = {0AB3BF05-4346-4AA6-1389-037BE0695223}
		{7CB6B9FB-0D85-4D3B-AC1E-A5BEF044CF31} = {0AB3BF05-4346-4AA6-1389-037BE0695223}
		{BD9448D1-AAE9-4EF5-993C-0600005AA03B} = {0AB3BF05-4346-4AA6-1389-037BE0695223}
		{E81B63E7-6962-4D93-984B-FA0A1964FC49} = {0AB3BF05-4346-4AA6-1389-037BE0695223}
		{67DEF1A6-23D1-4574-B1DE-6DDFE5C74A53} = {0AB3BF05-4346-4AA6-1389-037BE0695223}
	EndGlobalSection
EndGlobal
